
Microsoft Visual Studio Solution File, Format Version 12.00
# Visual Studio Version 16
VisualStudioVersion = 16.0.30907.101
MinimumVisualStudioVersion = 10.0.40219.1
Project("{FAE04EC0-301F-11D3-BF4B-00C04F79EFBC}") = "FlightBookingForms", "FlightBookingForms\FlightBookingForms.csproj", "{5AF14FCB-826B-44AF-9F68-39061CB5714A}"
EndProject
Global
	GlobalSection(SolutionConfigurationPlatforms) = preSolution
		Debug|Any CPU = Debug|Any CPU
		Release|Any CPU = Release|Any CPU
	EndGlobalSection
	GlobalSection(ProjectConfigurationPlatforms) = postSolution
		{5AF14FCB-826B-44AF-9F68-39061CB5714A}.Debug|Any CPU.ActiveCfg = Debug|Any CPU
		{5AF14FCB-826B-44AF-9F68-39061CB5714A}.Debug|Any CPU.Build.0 = Debug|Any CPU
		{5AF14FCB-826B-44AF-9F68-39061CB5714A}.Release|Any CPU.ActiveCfg = Release|Any CPU
		{5AF14FCB-826B-44AF-9F68-39061CB5714A}.Release|Any CPU.Build.0 = Release|Any CPU
	EndGlobalSection
	GlobalSection(SolutionProperties) = preSolution
		HideSolutionNode = FALSE
	EndGlobalSection
	GlobalSection(ExtensibilityGlobals) = postSolution
		SolutionGuid = {DC5836E3-C8E3-4E1D-A517-4A5F2EA9460F}
	EndGlobalSection
EndGlobal
